
Microsoft Visual Studio Solution File, Format Version 12.00
# Visual Studio Version 17
VisualStudioVersion = 17.1.32319.34
MinimumVisualStudioVersion = 10.0.40219.1
Project("{8BC9CEB8-8B4A-11D0-8D11-00A0C91BC942}") = "Zad.2.4-phoneNumber", "Zad.2.4\Zad.2.4.vcxproj", "{2B8D5242-7E5F-44BF-BEAB-0DEE035F830A}"
EndProject
Project("{8BC9CEB8-8B4A-11D0-8D11-00A0C91BC942}") = "Zad.7.3", "Zad.7.3\Zad.7.3.vcxproj", "{DAED3254-5EB0-470F-9133-FB9BBC3A7703}"
EndProject
Project("{8BC9CEB8-8B4A-11D0-8D11-00A0C91BC942}") = "Zad.7.4", "Zad.7.4\Zad.7.4.vcxproj", "{4CD87B81-B7C4-48D7-99C7-F914763B37DD}"
EndProject
Project("{8BC9CEB8-8B4A-11D0-8D11-00A0C91BC942}") = "Zad.7.2", "Zad.7.2\Zad.7.2.vcxproj", "{49000F72-ED24-43CC-B1EF-9993973A4109}"
EndProject
Project("{8BC9CEB8-8B4A-11D0-8D11-00A0C91BC942}") = "Zad.7.7-ternary", "Zad.7.7-ternary\Zad.7.7-ternary.vcxproj", "{EE759F8C-0BB2-44C5-B25B-0A32294A509D}"
EndProject
Project("{8BC9CEB8-8B4A-11D0-8D11-00A0C91BC942}") = "Zad.7.1", "Zad.7.1\Zad.7.1.vcxproj", "{BE3DF453-0B0F-42DA-BAE7-80CD60DE1CD2}"
EndProject
Project("{8BC9CEB8-8B4A-11D0-8D11-00A0C91BC942}") = "Zad.6.1.b", "Zad.6.1.b\Zad.6.1.b.vcxproj", "{643097DA-15F9-464D-B702-F735A5A10415}"
EndProject
Project("{8BC9CEB8-8B4A-11D0-8D11-00A0C91BC942}") = "Zad.5.9", "Zad.5.9\Zad.5.9.vcxproj", "{C6CA5383-8DF9-4C66-8844-C2556570AE6A}"
EndProject
Project("{8BC9CEB8-8B4A-11D0-8D11-00A0C91BC942}") = "Zad.5.8", "Zad.5.8\Zad.5.8.vcxproj", "{DF0E18B6-AAB7-4C93-9D61-369ABD56C63D}"
EndProject
Project("{8BC9CEB8-8B4A-11D0-8D11-00A0C91BC942}") = "Zad.5.7", "Zad.5.7\Zad.5.7.vcxproj", "{8118A040-417C-4130-B161-03E6DE98241A}"
EndProject
Project("{8BC9CEB8-8B4A-11D0-8D11-00A0C91BC942}") = "Zad.5.5", "Zad.5.5\Zad.5.5.vcxproj", "{A23E1EE2-3679-410B-8F04-3DC2A582BD20}"
EndProject
Project("{8BC9CEB8-8B4A-11D0-8D11-00A0C91BC942}") = "Zad.5.3", "Zad.5.3\Zad.5.3.vcxproj", "{2A6318AB-E6F3-4D5C-AE5F-3F82F757C6D0}"
EndProject
Project("{8BC9CEB8-8B4A-11D0-8D11-00A0C91BC942}") = "Zad.5.2", "Zad.5.2\Zad.5.2.vcxproj", "{30663604-AC40-4899-92E3-5DA34AC4AA49}"
EndProject
Project("{8BC9CEB8-8B4A-11D0-8D11-00A0C91BC942}") = "Zad.5.1", "Zad.5.1\Zad.5.1.vcxproj", "{A6E84FC5-4D55-4CFC-A3F4-706762F4FA9C}"
EndProject
Project("{8BC9CEB8-8B4A-11D0-8D11-00A0C91BC942}") = "Zad.1.1", "Zad.1.1\Zad.1.1.vcxproj", "{8EDA4427-4E8B-4536-AD4E-ED764D0F3CEB}"
EndProject
Project("{8BC9CEB8-8B4A-11D0-8D11-00A0C91BC942}") = "Zad.1.2", "Zad.1.2\Zad.1.2.vcxproj", "{91C42B95-A8D3-4E90-A39C-5BCA5F5B9DE6}"
EndProject
Project("{8BC9CEB8-8B4A-11D0-8D11-00A0C91BC942}") = "Zad.1.3", "Zad.1.3\Zad.1.3.vcxproj", "{57898336-6DF3-4728-84E3-BC71CD752325}"
EndProject
Project("{8BC9CEB8-8B4A-11D0-8D11-00A0C91BC942}") = "Zad.1.4", "Zad.1.4\Zad.1.4.vcxproj", "{7ECDD054-818D-4282-93AB-6FC322604327}"
EndProject
Project("{8BC9CEB8-8B4A-11D0-8D11-00A0C91BC942}") = "Zad.1.5-palindrome", "Zad.1.5\Zad.1.5.vcxproj", "{7B9889AB-1E4F-4B77-B2E2-B8F49E35DF14}"
EndProject
Project("{8BC9CEB8-8B4A-11D0-8D11-00A0C91BC942}") = "Zad.1.6", "Zad.1.6\Zad.1.6.vcxproj", "{3BB66300-918C-4FD8-A067-1F1EF87400D2}"
EndProject
Project("{8BC9CEB8-8B4A-11D0-8D11-00A0C91BC942}") = "Zad.1.9", "Zad.1.9\Zad.1.9.vcxproj", "{1F8A5450-3BD9-479B-9A33-85E2FE8E06FC}"
EndProject
Project("{8BC9CEB8-8B4A-11D0-8D11-00A0C91BC942}") = "Zad.2.1", "Zad.2.1\Zad.2.1.vcxproj", "{0A7CF35C-8EC0-4527-A4B1-AEE470DAACFF}"
EndProject
Project("{8BC9CEB8-8B4A-11D0-8D11-00A0C91BC942}") = "Zad.2.2", "Zad.2.2\Zad.2.2.vcxproj", "{1BA430D4-1289-4581-9398-34E8E7FDD827}"
EndProject
Project("{8BC9CEB8-8B4A-11D0-8D11-00A0C91BC942}") = "Zad.2.3", "Zad.2.3\Zad.2.3.vcxproj", "{3EDECF8C-7F03-403F-BFC4-24A10070DAC4}"
EndProject
Project("{8BC9CEB8-8B4A-11D0-8D11-00A0C91BC942}") = "Zad.4.1", "Zad.4.1\Zad.4.1.vcxproj", "{53519722-9766-4AE3-A1F0-7C36F2D0607F}"
EndProject
Project("{8BC9CEB8-8B4A-11D0-8D11-00A0C91BC942}") = "Zad.2.5", "Zad.2.5\Zad.2.5.vcxproj", "{E9DA88A5-5176-4C7D-9976-E5CA8D288DEC}"
EndProject
Project("{8BC9CEB8-8B4A-11D0-8D11-00A0C91BC942}") = "Zad.2.6", "Zad.2.6\Zad.2.6.vcxproj", "{8C158AC2-8947-4491-AA87-4CD701CC484B}"
EndProject
Project("{8BC9CEB8-8B4A-11D0-8D11-00A0C91BC942}") = "Zad.2.7", "Zad.2.7\Zad.2.7.vcxproj", "{7763D459-361C-4056-AB33-169FB90BA11E}"
EndProject
Project("{8BC9CEB8-8B4A-11D0-8D11-00A0C91BC942}") = "Zad.3.3", "Zad.3.3\Zad.3.3.vcxproj", "{F2FD4121-2022-4E88-A89F-A8256E410D82}"
EndProject
Project("{8BC9CEB8-8B4A-11D0-8D11-00A0C91BC942}") = "Zad.2.9", "Zad.2.9\Zad.2.9.vcxproj", "{9EFD65E0-04C0-4FA1-A96B-715C2E7F4FCA}"
EndProject
Project("{8BC9CEB8-8B4A-11D0-8D11-00A0C91BC942}") = "Zad.2.8", "Zad.2.8\Zad.2.8.vcxproj", "{9AF5A5FD-01C0-4225-BDB4-8F59C54C253A}"
EndProject
Project("{8BC9CEB8-8B4A-11D0-8D11-00A0C91BC942}") = "Zad.3.1", "Zad.3.1\Zad.3.1.vcxproj", "{1DDE55AE-7861-45B5-8F50-19A665F25705}"
EndProject
Project("{8BC9CEB8-8B4A-11D0-8D11-00A0C91BC942}") = "Zad.3.2", "Zad.3.2\Zad.3.2.vcxproj", "{CA17380D-2494-49DD-89D2-58C1B3BD67AF}"
EndProject
Project("{8BC9CEB8-8B4A-11D0-8D11-00A0C91BC942}") = "Zad.4.2", "Zad.4.2\Zad.4.2.vcxproj", "{789F0AAA-F7D5-4CC1-8FD8-96DC5C9F5627}"
EndProject
Project("{8BC9CEB8-8B4A-11D0-8D11-00A0C91BC942}") = "Zad.4.3", "Zad.4.3\Zad.4.3.vcxproj", "{F4FD5029-940B-4476-939B-21D05BD55918}"
EndProject
Project("{8BC9CEB8-8B4A-11D0-8D11-00A0C91BC942}") = "Zad.4.4", "Zad.4.4\Zad.4.4.vcxproj", "{161FF924-4DE1-42E6-8E17-ADAABF7F1DDF}"
EndProject
Project("{8BC9CEB8-8B4A-11D0-8D11-00A0C91BC942}") = "Zad.4.6", "Zad.4.6\Zad.4.6.vcxproj", "{1966A348-B44A-4B9A-8377-B54EC53F8687}"
EndProject
Project("{8BC9CEB8-8B4A-11D0-8D11-00A0C91BC942}") = "Zad.4.7", "Zad.4.7\Zad.4.7.vcxproj", "{6E22420E-D1B8-4150-8E25-4B42D36A3470}"
EndProject
Project("{8BC9CEB8-8B4A-11D0-8D11-00A0C91BC942}") = "Zad.4.8", "Zad.4.8\Zad.4.8.vcxproj", "{1308BBA9-8D8D-4945-BE15-D8541DEFC49F}"
EndProject
Project("{8BC9CEB8-8B4A-11D0-8D11-00A0C91BC942}") = "Zad.4.9", "Zad.4.9\Zad.4.9.vcxproj", "{8CD13D3A-24C9-4C98-B432-82DBDF54B690}"
EndProject
Project("{8BC9CEB8-8B4A-11D0-8D11-00A0C91BC942}") = "Zad.4.10", "Zad.4.10\Zad.4.10.vcxproj", "{A2218052-143A-4454-A41C-83C8D640918D}"
EndProject
Global
	GlobalSection(SolutionConfigurationPlatforms) = preSolution
		Debug|x64 = Debug|x64
		Debug|x86 = Debug|x86
		Release|x64 = Release|x64
		Release|x86 = Release|x86
	EndGlobalSection
	GlobalSection(ProjectConfigurationPlatforms) = postSolution
		{2B8D5242-7E5F-44BF-BEAB-0DEE035F830A}.Debug|x64.ActiveCfg = Debug|x64
		{2B8D5242-7E5F-44BF-BEAB-0DEE035F830A}.Debug|x64.Build.0 = Debug|x64
		{2B8D5242-7E5F-44BF-BEAB-0DEE035F830A}.Debug|x86.ActiveCfg = Debug|Win32
		{2B8D5242-7E5F-44BF-BEAB-0DEE035F830A}.Debug|x86.Build.0 = Debug|Win32
		{2B8D5242-7E5F-44BF-BEAB-0DEE035F830A}.Release|x64.ActiveCfg = Release|x64
		{2B8D5242-7E5F-44BF-BEAB-0DEE035F830A}.Release|x64.Build.0 = Release|x64
		{2B8D5242-7E5F-44BF-BEAB-0DEE035F830A}.Release|x86.ActiveCfg = Release|Win32
		{2B8D5242-7E5F-44BF-BEAB-0DEE035F830A}.Release|x86.Build.0 = Release|Win32
		{DAED3254-5EB0-470F-9133-FB9BBC3A7703}.Debug|x64.ActiveCfg = Debug|x64
		{DAED3254-5EB0-470F-9133-FB9BBC3A7703}.Debug|x64.Build.0 = Debug|x64
		{DAED3254-5EB0-470F-9133-FB9BBC3A7703}.Debug|x86.ActiveCfg = Debug|Win32
		{DAED3254-5EB0-470F-9133-FB9BBC3A7703}.Debug|x86.Build.0 = Debug|Win32
		{DAED3254-5EB0-470F-9133-FB9BBC3A7703}.Release|x64.ActiveCfg = Release|x64
		{DAED3254-5EB0-470F-9133-FB9BBC3A7703}.Release|x64.Build.0 = Release|x64
		{DAED3254-5EB0-470F-9133-FB9BBC3A7703}.Release|x86.ActiveCfg = Release|Win32
		{DAED3254-5EB0-470F-9133-FB9BBC3A7703}.Release|x86.Build.0 = Release|Win32
		{4CD87B81-B7C4-48D7-99C7-F914763B37DD}.Debug|x64.ActiveCfg = Debug|x64
		{4CD87B81-B7C4-48D7-99C7-F914763B37DD}.Debug|x64.Build.0 = Debug|x64
		{4CD87B81-B7C4-48D7-99C7-F914763B37DD}.Debug|x86.ActiveCfg = Debug|Win32
		{4CD87B81-B7C4-48D7-99C7-F914763B37DD}.Debug|x86.Build.0 = Debug|Win32
		{4CD87B81-B7C4-48D7-99C7-F914763B37DD}.Release|x64.ActiveCfg = Release|x64
		{4CD87B81-B7C4-48D7-99C7-F914763B37DD}.Release|x64.Build.0 = Release|x64
		{4CD87B81-B7C4-48D7-99C7-F914763B37DD}.Release|x86.ActiveCfg = Release|Win32
		{4CD87B81-B7C4-48D7-99C7-F914763B37DD}.Release|x86.Build.0 = Release|Win32
		{49000F72-ED24-43CC-B1EF-9993973A4109}.Debug|x64.ActiveCfg = Debug|x64
		{49000F72-ED24-43CC-B1EF-9993973A4109}.Debug|x64.Build.0 = Debug|x64
		{49000F72-ED24-43CC-B1EF-9993973A4109}.Debug|x86.ActiveCfg = Debug|Win32
		{49000F72-ED24-43CC-B1EF-9993973A4109}.Debug|x86.Build.0 = Debug|Win32
		{49000F72-ED24-43CC-B1EF-9993973A4109}.Release|x64.ActiveCfg = Release|x64
		{49000F72-ED24-43CC-B1EF-9993973A4109}.Release|x64.Build.0 = Release|x64
		{49000F72-ED24-43CC-B1EF-9993973A4109}.Release|x86.ActiveCfg = Release|Win32
		{49000F72-ED24-43CC-B1EF-9993973A4109}.Release|x86.Build.0 = Release|Win32
		{EE759F8C-0BB2-44C5-B25B-0A32294A509D}.Debug|x64.ActiveCfg = Debug|x64
		{EE759F8C-0BB2-44C5-B25B-0A32294A509D}.Debug|x64.Build.0 = Debug|x64
		{EE759F8C-0BB2-44C5-B25B-0A32294A509D}.Debug|x86.ActiveCfg = Debug|Win32
		{EE759F8C-0BB2-44C5-B25B-0A32294A509D}.Debug|x86.Build.0 = Debug|Win32
		{EE759F8C-0BB2-44C5-B25B-0A32294A509D}.Release|x64.ActiveCfg = Release|x64
		{EE759F8C-0BB2-44C5-B25B-0A32294A509D}.Release|x64.Build.0 = Release|x64
		{EE759F8C-0BB2-44C5-B25B-0A32294A509D}.Release|x86.ActiveCfg = Release|Win32
		{EE759F8C-0BB2-44C5-B25B-0A32294A509D}.Release|x86.Build.0 = Release|Win32
		{BE3DF453-0B0F-42DA-BAE7-80CD60DE1CD2}.Debug|x64.ActiveCfg = Debug|x64
		{BE3DF453-0B0F-42DA-BAE7-80CD60DE1CD2}.Debug|x64.Build.0 = Debug|x64
		{BE3DF453-0B0F-42DA-BAE7-80CD60DE1CD2}.Debug|x86.ActiveCfg = Debug|Win32
		{BE3DF453-0B0F-42DA-BAE7-80CD60DE1CD2}.Debug|x86.Build.0 = Debug|Win32
		{BE3DF453-0B0F-42DA-BAE7-80CD60DE1CD2}.Release|x64.ActiveCfg = Release|x64
		{BE3DF453-0B0F-42DA-BAE7-80CD60DE1CD2}.Release|x64.Build.0 = Release|x64
		{BE3DF453-0B0F-42DA-BAE7-80CD60DE1CD2}.Release|x86.ActiveCfg = Release|Win32
		{BE3DF453-0B0F-42DA-BAE7-80CD60DE1CD2}.Release|x86.Build.0 = Release|Win32
		{643097DA-15F9-464D-B702-F735A5A10415}.Debug|x64.ActiveCfg = Debug|x64
		{643097DA-15F9-464D-B702-F735A5A10415}.Debug|x64.Build.0 = Debug|x64
		{643097DA-15F9-464D-B702-F735A5A10415}.Debug|x86.ActiveCfg = Debug|Win32
		{643097DA-15F9-464D-B702-F735A5A10415}.Debug|x86.Build.0 = Debug|Win32
		{643097DA-15F9-464D-B702-F735A5A10415}.Release|x64.ActiveCfg = Release|x64
		{643097DA-15F9-464D-B702-F735A5A10415}.Release|x64.Build.0 = Release|x64
		{643097DA-15F9-464D-B702-F735A5A10415}.Release|x86.ActiveCfg = Release|Win32
		{643097DA-15F9-464D-B702-F735A5A10415}.Release|x86.Build.0 = Release|Win32
		{C6CA5383-8DF9-4C66-8844-C2556570AE6A}.Debug|x64.ActiveCfg = Debug|x64
		{C6CA5383-8DF9-4C66-8844-C2556570AE6A}.Debug|x64.Build.0 = Debug|x64
		{C6CA5383-8DF9-4C66-8844-C2556570AE6A}.Debug|x86.ActiveCfg = Debug|Win32
		{C6CA5383-8DF9-4C66-8844-C2556570AE6A}.Debug|x86.Build.0 = Debug|Win32
		{C6CA5383-8DF9-4C66-8844-C2556570AE6A}.Release|x64.ActiveCfg = Release|x64
		{C6CA5383-8DF9-4C66-8844-C2556570AE6A}.Release|x64.Build.0 = Release|x64
		{C6CA5383-8DF9-4C66-8844-C2556570AE6A}.Release|x86.ActiveCfg = Release|Win32
		{C6CA5383-8DF9-4C66-8844-C2556570AE6A}.Release|x86.Build.0 = Release|Win32
		{DF0E18B6-AAB7-4C93-9D61-369ABD56C63D}.Debug|x64.ActiveCfg = Debug|x64
		{DF0E18B6-AAB7-4C93-9D61-369ABD56C63D}.Debug|x64.Build.0 = Debug|x64
		{DF0E18B6-AAB7-4C93-9D61-369ABD56C63D}.Debug|x86.ActiveCfg = Debug|Win32
		{DF0E18B6-AAB7-4C93-9D61-369ABD56C63D}.Debug|x86.Build.0 = Debug|Win32
		{DF0E18B6-AAB7-4C93-9D61-369ABD56C63D}.Release|x64.ActiveCfg = Release|x64
		{DF0E18B6-AAB7-4C93-9D61-369ABD56C63D}.Release|x64.Build.0 = Release|x64
		{DF0E18B6-AAB7-4C93-9D61-369ABD56C63D}.Release|x86.ActiveCfg = Release|Win32
		{DF0E18B6-AAB7-4C93-9D61-369ABD56C63D}.Release|x86.Build.0 = Release|Win32
		{8118A040-417C-4130-B161-03E6DE98241A}.Debug|x64.ActiveCfg = Debug|x64
		{8118A040-417C-4130-B161-03E6DE98241A}.Debug|x64.Build.0 = Debug|x64
		{8118A040-417C-4130-B161-03E6DE98241A}.Debug|x86.ActiveCfg = Debug|Win32
		{8118A040-417C-4130-B161-03E6DE98241A}.Debug|x86.Build.0 = Debug|Win32
		{8118A040-417C-4130-B161-03E6DE98241A}.Release|x64.ActiveCfg = Release|x64
		{8118A040-417C-4130-B161-03E6DE98241A}.Release|x64.Build.0 = Release|x64
		{8118A040-417C-4130-B161-03E6DE98241A}.Release|x86.ActiveCfg = Release|Win32
		{8118A040-417C-4130-B161-03E6DE98241A}.Release|x86.Build.0 = Release|Win32
		{A23E1EE2-3679-410B-8F04-3DC2A582BD20}.Debug|x64.ActiveCfg = Debug|x64
		{A23E1EE2-3679-410B-8F04-3DC2A582BD20}.Debug|x64.Build.0 = Debug|x64
		{A23E1EE2-3679-410B-8F04-3DC2A582BD20}.Debug|x86.ActiveCfg = Debug|Win32
		{A23E1EE2-3679-410B-8F04-3DC2A582BD20}.Debug|x86.Build.0 = Debug|Win32
		{A23E1EE2-3679-410B-8F04-3DC2A582BD20}.Release|x64.ActiveCfg = Release|x64
		{A23E1EE2-3679-410B-8F04-3DC2A582BD20}.Release|x64.Build.0 = Release|x64
		{A23E1EE2-3679-410B-8F04-3DC2A582BD20}.Release|x86.ActiveCfg = Release|Win32
		{A23E1EE2-3679-410B-8F04-3DC2A582BD20}.Release|x86.Build.0 = Release|Win32
		{2A6318AB-E6F3-4D5C-AE5F-3F82F757C6D0}.Debug|x64.ActiveCfg = Debug|x64
		{2A6318AB-E6F3-4D5C-AE5F-3F82F757C6D0}.Debug|x64.Build.0 = Debug|x64
		{2A6318AB-E6F3-4D5C-AE5F-3F82F757C6D0}.Debug|x86.ActiveCfg = Debug|Win32
		{2A6318AB-E6F3-4D5C-AE5F-3F82F757C6D0}.Debug|x86.Build.0 = Debug|Win32
		{2A6318AB-E6F3-4D5C-AE5F-3F82F757C6D0}.Release|x64.ActiveCfg = Release|x64
		{2A6318AB-E6F3-4D5C-AE5F-3F82F757C6D0}.Release|x64.Build.0 = Release|x64
		{2A6318AB-E6F3-4D5C-AE5F-3F82F757C6D0}.Release|x86.ActiveCfg = Release|Win32
		{2A6318AB-E6F3-4D5C-AE5F-3F82F757C6D0}.Release|x86.Build.0 = Release|Win32
		{30663604-AC40-4899-92E3-5DA34AC4AA49}.Debug|x64.ActiveCfg = Debug|x64
		{30663604-AC40-4899-92E3-5DA34AC4AA49}.Debug|x64.Build.0 = Debug|x64
		{30663604-AC40-4899-92E3-5DA34AC4AA49}.Debug|x86.ActiveCfg = Debug|Win32
		{30663604-AC40-4899-92E3-5DA34AC4AA49}.Debug|x86.Build.0 = Debug|Win32
		{30663604-AC40-4899-92E3-5DA34AC4AA49}.Release|x64.ActiveCfg = Release|x64
		{30663604-AC40-4899-92E3-5DA34AC4AA49}.Release|x64.Build.0 = Release|x64
		{30663604-AC40-4899-92E3-5DA34AC4AA49}.Release|x86.ActiveCfg = Release|Win32
		{30663604-AC40-4899-92E3-5DA34AC4AA49}.Release|x86.Build.0 = Release|Win32
		{A6E84FC5-4D55-4CFC-A3F4-706762F4FA9C}.Debug|x64.ActiveCfg = Debug|x64
		{A6E84FC5-4D55-4CFC-A3F4-706762F4FA9C}.Debug|x64.Build.0 = Debug|x64
		{A6E84FC5-4D55-4CFC-A3F4-706762F4FA9C}.Debug|x86.ActiveCfg = Debug|Win32
		{A6E84FC5-4D55-4CFC-A3F4-706762F4FA9C}.Debug|x86.Build.0 = Debug|Win32
		{A6E84FC5-4D55-4CFC-A3F4-706762F4FA9C}.Release|x64.ActiveCfg = Release|x64
		{A6E84FC5-4D55-4CFC-A3F4-706762F4FA9C}.Release|x64.Build.0 = Release|x64
		{A6E84FC5-4D55-4CFC-A3F4-706762F4FA9C}.Release|x86.ActiveCfg = Release|Win32
		{A6E84FC5-4D55-4CFC-A3F4-706762F4FA9C}.Release|x86.Build.0 = Release|Win32
		{8EDA4427-4E8B-4536-AD4E-ED764D0F3CEB}.Debug|x64.ActiveCfg = Debug|x64
		{8EDA4427-4E8B-4536-AD4E-ED764D0F3CEB}.Debug|x64.Build.0 = Debug|x64
		{8EDA4427-4E8B-4536-AD4E-ED764D0F3CEB}.Debug|x86.ActiveCfg = Debug|Win32
		{8EDA4427-4E8B-4536-AD4E-ED764D0F3CEB}.Debug|x86.Build.0 = Debug|Win32
		{8EDA4427-4E8B-4536-AD4E-ED764D0F3CEB}.Release|x64.ActiveCfg = Release|x64
		{8EDA4427-4E8B-4536-AD4E-ED764D0F3CEB}.Release|x64.Build.0 = Release|x64
		{8EDA4427-4E8B-4536-AD4E-ED764D0F3CEB}.Release|x86.ActiveCfg = Release|Win32
		{8EDA4427-4E8B-4536-AD4E-ED764D0F3CEB}.Release|x86.Build.0 = Release|Win32
		{91C42B95-A8D3-4E90-A39C-5BCA5F5B9DE6}.Debug|x64.ActiveCfg = Debug|x64
		{91C42B95-A8D3-4E90-A39C-5BCA5F5B9DE6}.Debug|x64.Build.0 = Debug|x64
		{91C42B95-A8D3-4E90-A39C-5BCA5F5B9DE6}.Debug|x86.ActiveCfg = Debug|Win32
		{91C42B95-A8D3-4E90-A39C-5BCA5F5B9DE6}.Debug|x86.Build.0 = Debug|Win32
		{91C42B95-A8D3-4E90-A39C-5BCA5F5B9DE6}.Release|x64.ActiveCfg = Release|x64
		{91C42B95-A8D3-4E90-A39C-5BCA5F5B9DE6}.Release|x64.Build.0 = Release|x64
		{91C42B95-A8D3-4E90-A39C-5BCA5F5B9DE6}.Release|x86.ActiveCfg = Release|Win32
		{91C42B95-A8D3-4E90-A39C-5BCA5F5B9DE6}.Release|x86.Build.0 = Release|Win32
		{57898336-6DF3-4728-84E3-BC71CD752325}.Debug|x64.ActiveCfg = Debug|x64
		{57898336-6DF3-4728-84E3-BC71CD752325}.Debug|x64.Build.0 = Debug|x64
		{57898336-6DF3-4728-84E3-BC71CD752325}.Debug|x86.ActiveCfg = Debug|Win32
		{57898336-6DF3-4728-84E3-BC71CD752325}.Debug|x86.Build.0 = Debug|Win32
		{57898336-6DF3-4728-84E3-BC71CD752325}.Release|x64.ActiveCfg = Release|x64
		{57898336-6DF3-4728-84E3-BC71CD752325}.Release|x64.Build.0 = Release|x64
		{57898336-6DF3-4728-84E3-BC71CD752325}.Release|x86.ActiveCfg = Release|Win32
		{57898336-6DF3-4728-84E3-BC71CD752325}.Release|x86.Build.0 = Release|Win32
		{7ECDD054-818D-4282-93AB-6FC322604327}.Debug|x64.ActiveCfg = Debug|x64
		{7ECDD054-818D-4282-93AB-6FC322604327}.Debug|x64.Build.0 = Debug|x64
		{7ECDD054-818D-4282-93AB-6FC322604327}.Debug|x86.ActiveCfg = Debug|Win32
		{7ECDD054-818D-4282-93AB-6FC322604327}.Debug|x86.Build.0 = Debug|Win32
		{7ECDD054-818D-4282-93AB-6FC322604327}.Release|x64.ActiveCfg = Release|x64
		{7ECDD054-818D-4282-93AB-6FC322604327}.Release|x64.Build.0 = Release|x64
		{7ECDD054-818D-4282-93AB-6FC322604327}.Release|x86.ActiveCfg = Release|Win32
		{7ECDD054-818D-4282-93AB-6FC322604327}.Release|x86.Build.0 = Release|Win32
		{7B9889AB-1E4F-4B77-B2E2-B8F49E35DF14}.Debug|x64.ActiveCfg = Debug|x64
		{7B9889AB-1E4F-4B77-B2E2-B8F49E35DF14}.Debug|x64.Build.0 = Debug|x64
		{7B9889AB-1E4F-4B77-B2E2-B8F49E35DF14}.Debug|x86.ActiveCfg = Debug|Win32
		{7B9889AB-1E4F-4B77-B2E2-B8F49E35DF14}.Debug|x86.Build.0 = Debug|Win32
		{7B9889AB-1E4F-4B77-B2E2-B8F49E35DF14}.Release|x64.ActiveCfg = Release|x64
		{7B9889AB-1E4F-4B77-B2E2-B8F49E35DF14}.Release|x64.Build.0 = Release|x64
		{7B9889AB-1E4F-4B77-B2E2-B8F49E35DF14}.Release|x86.ActiveCfg = Release|Win32
		{7B9889AB-1E4F-4B77-B2E2-B8F49E35DF14}.Release|x86.Build.0 = Release|Win32
		{3BB66300-918C-4FD8-A067-1F1EF87400D2}.Debug|x64.ActiveCfg = Debug|x64
		{3BB66300-918C-4FD8-A067-1F1EF87400D2}.Debug|x64.Build.0 = Debug|x64
		{3BB66300-918C-4FD8-A067-1F1EF87400D2}.Debug|x86.ActiveCfg = Debug|Win32
		{3BB66300-918C-4FD8-A067-1F1EF87400D2}.Debug|x86.Build.0 = Debug|Win32
		{3BB66300-918C-4FD8-A067-1F1EF87400D2}.Release|x64.ActiveCfg = Release|x64
		{3BB66300-918C-4FD8-A067-1F1EF87400D2}.Release|x64.Build.0 = Release|x64
		{3BB66300-918C-4FD8-A067-1F1EF87400D2}.Release|x86.ActiveCfg = Release|Win32
		{3BB66300-918C-4FD8-A067-1F1EF87400D2}.Release|x86.Build.0 = Release|Win32
		{1F8A5450-3BD9-479B-9A33-85E2FE8E06FC}.Debug|x64.ActiveCfg = Debug|x64
		{1F8A5450-3BD9-479B-9A33-85E2FE8E06FC}.Debug|x64.Build.0 = Debug|x64
		{1F8A5450-3BD9-479B-9A33-85E2FE8E06FC}.Debug|x86.ActiveCfg = Debug|Win32
		{1F8A5450-3BD9-479B-9A33-85E2FE8E06FC}.Debug|x86.Build.0 = Debug|Win32
		{1F8A5450-3BD9-479B-9A33-85E2FE8E06FC}.Release|x64.ActiveCfg = Release|x64
		{1F8A5450-3BD9-479B-9A33-85E2FE8E06FC}.Release|x64.Build.0 = Release|x64
		{1F8A5450-3BD9-479B-9A33-85E2FE8E06FC}.Release|x86.ActiveCfg = Release|Win32
		{1F8A5450-3BD9-479B-9A33-85E2FE8E06FC}.Release|x86.Build.0 = Release|Win32
		{0A7CF35C-8EC0-4527-A4B1-AEE470DAACFF}.Debug|x64.ActiveCfg = Debug|x64
		{0A7CF35C-8EC0-4527-A4B1-AEE470DAACFF}.Debug|x64.Build.0 = Debug|x64
		{0A7CF35C-8EC0-4527-A4B1-AEE470DAACFF}.Debug|x86.ActiveCfg = Debug|Win32
		{0A7CF35C-8EC0-4527-A4B1-AEE470DAACFF}.Debug|x86.Build.0 = Debug|Win32
		{0A7CF35C-8EC0-4527-A4B1-AEE470DAACFF}.Release|x64.ActiveCfg = Release|x64
		{0A7CF35C-8EC0-4527-A4B1-AEE470DAACFF}.Release|x64.Build.0 = Release|x64
		{0A7CF35C-8EC0-4527-A4B1-AEE470DAACFF}.Release|x86.ActiveCfg = Release|Win32
		{0A7CF35C-8EC0-4527-A4B1-AEE470DAACFF}.Release|x86.Build.0 = Release|Win32
		{1BA430D4-1289-4581-9398-34E8E7FDD827}.Debug|x64.ActiveCfg = Debug|x64
		{1BA430D4-1289-4581-9398-34E8E7FDD827}.Debug|x64.Build.0 = Debug|x64
		{1BA430D4-1289-4581-9398-34E8E7FDD827}.Debug|x86.ActiveCfg = Debug|Win32
		{1BA430D4-1289-4581-9398-34E8E7FDD827}.Debug|x86.Build.0 = Debug|Win32
		{1BA430D4-1289-4581-9398-34E8E7FDD827}.Release|x64.ActiveCfg = Release|x64
		{1BA430D4-1289-4581-9398-34E8E7FDD827}.Release|x64.Build.0 = Release|x64
		{1BA430D4-1289-4581-9398-34E8E7FDD827}.Release|x86.ActiveCfg = Release|Win32
		{1BA430D4-1289-4581-9398-34E8E7FDD827}.Release|x86.Build.0 = Release|Win32
		{3EDECF8C-7F03-403F-BFC4-24A10070DAC4}.Debug|x64.ActiveCfg = Debug|x64
		{3EDECF8C-7F03-403F-BFC4-24A10070DAC4}.Debug|x64.Build.0 = Debug|x64
		{3EDECF8C-7F03-403F-BFC4-24A10070DAC4}.Debug|x86.ActiveCfg = Debug|Win32
		{3EDECF8C-7F03-403F-BFC4-24A10070DAC4}.Debug|x86.Build.0 = Debug|Win32
		{3EDECF8C-7F03-403F-BFC4-24A10070DAC4}.Release|x64.ActiveCfg = Release|x64
		{3EDECF8C-7F03-403F-BFC4-24A10070DAC4}.Release|x64.Build.0 = Release|x64
		{3EDECF8C-7F03-403F-BFC4-24A10070DAC4}.Release|x86.ActiveCfg = Release|Win32
		{3EDECF8C-7F03-403F-BFC4-24A10070DAC4}.Release|x86.Build.0 = Release|Win32
		{53519722-9766-4AE3-A1F0-7C36F2D0607F}.Debug|x64.ActiveCfg = Debug|x64
		{53519722-9766-4AE3-A1F0-7C36F2D0607F}.Debug|x64.Build.0 = Debug|x64
		{53519722-9766-4AE3-A1F0-7C36F2D0607F}.Debug|x86.ActiveCfg = Debug|Win32
		{53519722-9766-4AE3-A1F0-7C36F2D0607F}.Debug|x86.Build.0 = Debug|Win32
		{53519722-9766-4AE3-A1F0-7C36F2D0607F}.Release|x64.ActiveCfg = Release|x64
		{53519722-9766-4AE3-A1F0-7C36F2D0607F}.Release|x64.Build.0 = Release|x64
		{53519722-9766-4AE3-A1F0-7C36F2D0607F}.Release|x86.ActiveCfg = Release|Win32
		{53519722-9766-4AE3-A1F0-7C36F2D0607F}.Release|x86.Build.0 = Release|Win32
		{E9DA88A5-5176-4C7D-9976-E5CA8D288DEC}.Debug|x64.ActiveCfg = Debug|x64
		{E9DA88A5-5176-4C7D-9976-E5CA8D288DEC}.Debug|x64.Build.0 = Debug|x64
		{E9DA88A5-5176-4C7D-9976-E5CA8D288DEC}.Debug|x86.ActiveCfg = Debug|Win32
		{E9DA88A5-5176-4C7D-9976-E5CA8D288DEC}.Debug|x86.Build.0 = Debug|Win32
		{E9DA88A5-5176-4C7D-9976-E5CA8D288DEC}.Release|x64.ActiveCfg = Release|x64
		{E9DA88A5-5176-4C7D-9976-E5CA8D288DEC}.Release|x64.Build.0 = Release|x64
		{E9DA88A5-5176-4C7D-9976-E5CA8D288DEC}.Release|x86.ActiveCfg = Release|Win32
		{E9DA88A5-5176-4C7D-9976-E5CA8D288DEC}.Release|x86.Build.0 = Release|Win32
		{8C158AC2-8947-4491-AA87-4CD701CC484B}.Debug|x64.ActiveCfg = Debug|x64
		{8C158AC2-8947-4491-AA87-4CD701CC484B}.Debug|x64.Build.0 = Debug|x64
		{8C158AC2-8947-4491-AA87-4CD701CC484B}.Debug|x86.ActiveCfg = Debug|Win32
		{8C158AC2-8947-4491-AA87-4CD701CC484B}.Debug|x86.Build.0 = Debug|Win32
		{8C158AC2-8947-4491-AA87-4CD701CC484B}.Release|x64.ActiveCfg = Release|x64
		{8C158AC2-8947-4491-AA87-4CD701CC484B}.Release|x64.Build.0 = Release|x64
		{8C158AC2-8947-4491-AA87-4CD701CC484B}.Release|x86.ActiveCfg = Release|Win32
		{8C158AC2-8947-4491-AA87-4CD701CC484B}.Release|x86.Build.0 = Release|Win32
		{7763D459-361C-4056-AB33-169FB90BA11E}.Debug|x64.ActiveCfg = Debug|x64
		{7763D459-361C-4056-AB33-169FB90BA11E}.Debug|x64.Build.0 = Debug|x64
		{7763D459-361C-4056-AB33-169FB90BA11E}.Debug|x86.ActiveCfg = Debug|Win32
		{7763D459-361C-4056-AB33-169FB90BA11E}.Debug|x86.Build.0 = Debug|Win32
		{7763D459-361C-4056-AB33-169FB90BA11E}.Release|x64.ActiveCfg = Release|x64
		{7763D459-361C-4056-AB33-169FB90BA11E}.Release|x64.Build.0 = Release|x64
		{7763D459-361C-4056-AB33-169FB90BA11E}.Release|x86.ActiveCfg = Release|Win32
		{7763D459-361C-4056-AB33-169FB90BA11E}.Release|x86.Build.0 = Release|Win32
		{F2FD4121-2022-4E88-A89F-A8256E410D82}.Debug|x64.ActiveCfg = Debug|x64
		{F2FD4121-2022-4E88-A89F-A8256E410D82}.Debug|x64.Build.0 = Debug|x64
		{F2FD4121-2022-4E88-A89F-A8256E410D82}.Debug|x86.ActiveCfg = Debug|Win32
		{F2FD4121-2022-4E88-A89F-A8256E410D82}.Debug|x86.Build.0 = Debug|Win32
		{F2FD4121-2022-4E88-A89F-A8256E410D82}.Release|x64.ActiveCfg = Release|x64
		{F2FD4121-2022-4E88-A89F-A8256E410D82}.Release|x64.Build.0 = Release|x64
		{F2FD4121-2022-4E88-A89F-A8256E410D82}.Release|x86.ActiveCfg = Release|Win32
		{F2FD4121-2022-4E88-A89F-A8256E410D82}.Release|x86.Build.0 = Release|Win32
		{9EFD65E0-04C0-4FA1-A96B-715C2E7F4FCA}.Debug|x64.ActiveCfg = Debug|x64
		{9EFD65E0-04C0-4FA1-A96B-715C2E7F4FCA}.Debug|x64.Build.0 = Debug|x64
		{9EFD65E0-04C0-4FA1-A96B-715C2E7F4FCA}.Debug|x86.ActiveCfg = Debug|Win32
		{9EFD65E0-04C0-4FA1-A96B-715C2E7F4FCA}.Debug|x86.Build.0 = Debug|Win32
		{9EFD65E0-04C0-4FA1-A96B-715C2E7F4FCA}.Release|x64.ActiveCfg = Release|x64
		{9EFD65E0-04C0-4FA1-A96B-715C2E7F4FCA}.Release|x64.Build.0 = Release|x64
		{9EFD65E0-04C0-4FA1-A96B-715C2E7F4FCA}.Release|x86.ActiveCfg = Release|Win32
		{9EFD65E0-04C0-4FA1-A96B-715C2E7F4FCA}.Release|x86.Build.0 = Release|Win32
		{9AF5A5FD-01C0-4225-BDB4-8F59C54C253A}.Debug|x64.ActiveCfg = Debug|x64
		{9AF5A5FD-01C0-4225-BDB4-8F59C54C253A}.Debug|x64.Build.0 = Debug|x64
		{9AF5A5FD-01C0-4225-BDB4-8F59C54C253A}.Debug|x86.ActiveCfg = Debug|Win32
		{9AF5A5FD-01C0-4225-BDB4-8F59C54C253A}.Debug|x86.Build.0 = Debug|Win32
		{9AF5A5FD-01C0-4225-BDB4-8F59C54C253A}.Release|x64.ActiveCfg = Release|x64
		{9AF5A5FD-01C0-4225-BDB4-8F59C54C253A}.Release|x64.Build.0 = Release|x64
		{9AF5A5FD-01C0-4225-BDB4-8F59C54C253A}.Release|x86.ActiveCfg = Release|Win32
		{9AF5A5FD-01C0-4225-BDB4-8F59C54C253A}.Release|x86.Build.0 = Release|Win32
		{1DDE55AE-7861-45B5-8F50-19A665F25705}.Debug|x64.ActiveCfg = Debug|x64
		{1DDE55AE-7861-45B5-8F50-19A665F25705}.Debug|x64.Build.0 = Debug|x64
		{1DDE55AE-7861-45B5-8F50-19A665F25705}.Debug|x86.ActiveCfg = Debug|Win32
		{1DDE55AE-7861-45B5-8F50-19A665F25705}.Debug|x86.Build.0 = Debug|Win32
		{1DDE55AE-7861-45B5-8F50-19A665F25705}.Release|x64.ActiveCfg = Release|x64
		{1DDE55AE-7861-45B5-8F50-19A665F25705}.Release|x64.Build.0 = Release|x64
		{1DDE55AE-7861-45B5-8F50-19A665F25705}.Release|x86.ActiveCfg = Release|Win32
		{1DDE55AE-7861-45B5-8F50-19A665F25705}.Release|x86.Build.0 = Release|Win32
		{CA17380D-2494-49DD-89D2-58C1B3BD67AF}.Debug|x64.ActiveCfg = Debug|x64
		{CA17380D-2494-49DD-89D2-58C1B3BD67AF}.Debug|x64.Build.0 = Debug|x64
		{CA17380D-2494-49DD-89D2-58C1B3BD67AF}.Debug|x86.ActiveCfg = Debug|Win32
		{CA17380D-2494-49DD-89D2-58C1B3BD67AF}.Debug|x86.Build.0 = Debug|Win32
		{CA17380D-2494-49DD-89D2-58C1B3BD67AF}.Release|x64.ActiveCfg = Release|x64
		{CA17380D-2494-49DD-89D2-58C1B3BD67AF}.Release|x64.Build.0 = Release|x64
		{CA17380D-2494-49DD-89D2-58C1B3BD67AF}.Release|x86.ActiveCfg = Release|Win32
		{CA17380D-2494-49DD-89D2-58C1B3BD67AF}.Release|x86.Build.0 = Release|Win32
		{789F0AAA-F7D5-4CC1-8FD8-96DC5C9F5627}.Debug|x64.ActiveCfg = Debug|x64
		{789F0AAA-F7D5-4CC1-8FD8-96DC5C9F5627}.Debug|x64.Build.0 = Debug|x64
		{789F0AAA-F7D5-4CC1-8FD8-96DC5C9F5627}.Debug|x86.ActiveCfg = Debug|Win32
		{789F0AAA-F7D5-4CC1-8FD8-96DC5C9F5627}.Debug|x86.Build.0 = Debug|Win32
		{789F0AAA-F7D5-4CC1-8FD8-96DC5C9F5627}.Release|x64.ActiveCfg = Release|x64
		{789F0AAA-F7D5-4CC1-8FD8-96DC5C9F5627}.Release|x64.Build.0 = Release|x64
		{789F0AAA-F7D5-4CC1-8FD8-96DC5C9F5627}.Release|x86.ActiveCfg = Release|Win32
		{789F0AAA-F7D5-4CC1-8FD8-96DC5C9F5627}.Release|x86.Build.0 = Release|Win32
		{F4FD5029-940B-4476-939B-21D05BD55918}.Debug|x64.ActiveCfg = Debug|x64
		{F4FD5029-940B-4476-939B-21D05BD55918}.Debug|x64.Build.0 = Debug|x64
		{F4FD5029-940B-4476-939B-21D05BD55918}.Debug|x86.ActiveCfg = Debug|Win32
		{F4FD5029-940B-4476-939B-21D05BD55918}.Debug|x86.Build.0 = Debug|Win32
		{F4FD5029-940B-4476-939B-21D05BD55918}.Release|x64.ActiveCfg = Release|x64
		{F4FD5029-940B-4476-939B-21D05BD55918}.Release|x64.Build.0 = Release|x64
		{F4FD5029-940B-4476-939B-21D05BD55918}.Release|x86.ActiveCfg = Release|Win32
		{F4FD5029-940B-4476-939B-21D05BD55918}.Release|x86.Build.0 = Release|Win32
		{161FF924-4DE1-42E6-8E17-ADAABF7F1DDF}.Debug|x64.ActiveCfg = Debug|x64
		{161FF924-4DE1-42E6-8E17-ADAABF7F1DDF}.Debug|x64.Build.0 = Debug|x64
		{161FF924-4DE1-42E6-8E17-ADAABF7F1DDF}.Debug|x86.ActiveCfg = Debug|Win32
		{161FF924-4DE1-42E6-8E17-ADAABF7F1DDF}.Debug|x86.Build.0 = Debug|Win32
		{161FF924-4DE1-42E6-8E17-ADAABF7F1DDF}.Release|x64.ActiveCfg = Release|x64
		{161FF924-4DE1-42E6-8E17-ADAABF7F1DDF}.Release|x64.Build.0 = Release|x64
		{161FF924-4DE1-42E6-8E17-ADAABF7F1DDF}.Release|x86.ActiveCfg = Release|Win32
		{161FF924-4DE1-42E6-8E17-ADAABF7F1DDF}.Release|x86.Build.0 = Release|Win32
		{1966A348-B44A-4B9A-8377-B54EC53F8687}.Debug|x64.ActiveCfg = Debug|x64
		{1966A348-B44A-4B9A-8377-B54EC53F8687}.Debug|x64.Build.0 = Debug|x64
		{1966A348-B44A-4B9A-8377-B54EC53F8687}.Debug|x86.ActiveCfg = Debug|Win32
		{1966A348-B44A-4B9A-8377-B54EC53F8687}.Debug|x86.Build.0 = Debug|Win32
		{1966A348-B44A-4B9A-8377-B54EC53F8687}.Release|x64.ActiveCfg = Release|x64
		{1966A348-B44A-4B9A-8377-B54EC53F8687}.Release|x64.Build.0 = Release|x64
		{1966A348-B44A-4B9A-8377-B54EC53F8687}.Release|x86.ActiveCfg = Release|Win32
		{1966A348-B44A-4B9A-8377-B54EC53F8687}.Release|x86.Build.0 = Release|Win32
		{6E22420E-D1B8-4150-8E25-4B42D36A3470}.Debug|x64.ActiveCfg = Debug|x64
		{6E22420E-D1B8-4150-8E25-4B42D36A3470}.Debug|x64.Build.0 = Debug|x64
		{6E22420E-D1B8-4150-8E25-4B42D36A3470}.Debug|x86.ActiveCfg = Debug|Win32
		{6E22420E-D1B8-4150-8E25-4B42D36A3470}.Debug|x86.Build.0 = Debug|Win32
		{6E22420E-D1B8-4150-8E25-4B42D36A3470}.Release|x64.ActiveCfg = Release|x64
		{6E22420E-D1B8-4150-8E25-4B42D36A3470}.Release|x64.Build.0 = Release|x64
		{6E22420E-D1B8-4150-8E25-4B42D36A3470}.Release|x86.ActiveCfg = Release|Win32
		{6E22420E-D1B8-4150-8E25-4B42D36A3470}.Release|x86.Build.0 = Release|Win32
		{1308BBA9-8D8D-4945-BE15-D8541DEFC49F}.Debug|x64.ActiveCfg = Debug|x64
		{1308BBA9-8D8D-4945-BE15-D8541DEFC49F}.Debug|x64.Build.0 = Debug|x64
		{1308BBA9-8D8D-4945-BE15-D8541DEFC49F}.Debug|x86.ActiveCfg = Debug|Win32
		{1308BBA9-8D8D-4945-BE15-D8541DEFC49F}.Debug|x86.Build.0 = Debug|Win32
		{1308BBA9-8D8D-4945-BE15-D8541DEFC49F}.Release|x64.ActiveCfg = Release|x64
		{1308BBA9-8D8D-4945-BE15-D8541DEFC49F}.Release|x64.Build.0 = Release|x64
		{1308BBA9-8D8D-4945-BE15-D8541DEFC49F}.Release|x86.ActiveCfg = Release|Win32
		{1308BBA9-8D8D-4945-BE15-D8541DEFC49F}.Release|x86.Build.0 = Release|Win32
		{8CD13D3A-24C9-4C98-B432-82DBDF54B690}.Debug|x64.ActiveCfg = Debug|x64
		{8CD13D3A-24C9-4C98-B432-82DBDF54B690}.Debug|x64.Build.0 = Debug|x64
		{8CD13D3A-24C9-4C98-B432-82DBDF54B690}.Debug|x86.ActiveCfg = Debug|Win32
		{8CD13D3A-24C9-4C98-B432-82DBDF54B690}.Debug|x86.Build.0 = Debug|Win32
		{8CD13D3A-24C9-4C98-B432-82DBDF54B690}.Release|x64.ActiveCfg = Release|x64
		{8CD13D3A-24C9-4C98-B432-82DBDF54B690}.Release|x64.Build.0 = Release|x64
		{8CD13D3A-24C9-4C98-B432-82DBDF54B690}.Release|x86.ActiveCfg = Release|Win32
		{8CD13D3A-24C9-4C98-B432-82DBDF54B690}.Release|x86.Build.0 = Release|Win32
		{A2218052-143A-4454-A41C-83C8D640918D}.Debug|x64.ActiveCfg = Debug|x64
		{A2218052-143A-4454-A41C-83C8D640918D}.Debug|x64.Build.0 = Debug|x64
		{A2218052-143A-4454-A41C-83C8D640918D}.Debug|x86.ActiveCfg = Debug|Win32
		{A2218052-143A-4454-A41C-83C8D640918D}.Debug|x86.Build.0 = Debug|Win32
		{A2218052-143A-4454-A41C-83C8D640918D}.Release|x64.ActiveCfg = Release|x64
		{A2218052-143A-4454-A41C-83C8D640918D}.Release|x64.Build.0 = Release|x64
		{A2218052-143A-4454-A41C-83C8D640918D}.Release|x86.ActiveCfg = Release|Win32
		{A2218052-143A-4454-A41C-83C8D640918D}.Release|x86.Build.0 = Release|Win32
	EndGlobalSection
	GlobalSection(SolutionProperties) = preSolution
		HideSolutionNode = FALSE
	EndGlobalSection
	GlobalSection(ExtensibilityGlobals) = postSolution
		SolutionGuid = {9BB21149-744B-4FD4-A1A0-69BFF6498657}
	EndGlobalSection
EndGlobal
